
Microsoft Visual Studio Solution File, Format Version 12.00
# Visual Studio Version 17
VisualStudioVersion = 17.7.34031.279
MinimumVisualStudioVersion = 10.0.40219.1
Project("{9A19103F-16F7-4668-BE54-9A1E7A4F7556}") = "Projekt1", "Projekt1\Projekt1.csproj", "{30930BBB-CCE3-4BC6-BB93-C3E083746CF0}"
EndProject
Project("{9A19103F-16F7-4668-BE54-9A1E7A4F7556}") = "Projekt1.Core", "Projekt1.Core\Projekt1.Core.csproj", "{75E30455-22CB-441C-B72F-093274D95BEC}"
EndProject
Project("{FAE04EC0-301F-11D3-BF4B-00C04F79EFBC}") = "Projekt1.Shared", "Projekt1.Shared\Projekt1.Shared.csproj", "{AFC85412-D321-49A6-AA10-81EF0A0F9FAE}"
EndProject
Global
	GlobalSection(SolutionConfigurationPlatforms) = preSolution
		Debug|Any CPU = Debug|Any CPU
		Release|Any CPU = Release|Any CPU
	EndGlobalSection
	GlobalSection(ProjectConfigurationPlatforms) = postSolution
		{30930BBB-CCE3-4BC6-BB93-C3E083746CF0}.Debug|Any CPU.ActiveCfg = Debug|Any CPU
		{30930BBB-CCE3-4BC6-BB93-C3E083746CF0}.Debug|Any CPU.Build.0 = Debug|Any CPU
		{30930BBB-CCE3-4BC6-BB93-C3E083746CF0}.Release|Any CPU.ActiveCfg = Release|Any CPU
		{30930BBB-CCE3-4BC6-BB93-C3E083746CF0}.Release|Any CPU.Build.0 = Release|Any CPU
		{75E30455-22CB-441C-B72F-093274D95BEC}.Debug|Any CPU.ActiveCfg = Debug|Any CPU
		{75E30455-22CB-441C-B72F-093274D95BEC}.Debug|Any CPU.Build.0 = Debug|Any CPU
		{75E30455-22CB-441C-B72F-093274D95BEC}.Release|Any CPU.ActiveCfg = Release|Any CPU
		{75E30455-22CB-441C-B72F-093274D95BEC}.Release|Any CPU.Build.0 = Release|Any CPU
		{AFC85412-D321-49A6-AA10-81EF0A0F9FAE}.Debug|Any CPU.ActiveCfg = Debug|Any CPU
		{AFC85412-D321-49A6-AA10-81EF0A0F9FAE}.Debug|Any CPU.Build.0 = Debug|Any CPU
		{AFC85412-D321-49A6-AA10-81EF0A0F9FAE}.Release|Any CPU.ActiveCfg = Release|Any CPU
		{AFC85412-D321-49A6-AA10-81EF0A0F9FAE}.Release|Any CPU.Build.0 = Release|Any CPU
	EndGlobalSection
	GlobalSection(SolutionProperties) = preSolution
		HideSolutionNode = FALSE
	EndGlobalSection
	GlobalSection(ExtensibilityGlobals) = postSolution
		SolutionGuid = {75D9E190-2DDF-4B1A-8157-F938624EBE93}
	EndGlobalSection
EndGlobal
